
Microsoft Visual Studio Solution File, Format Version 12.00
# Visual Studio Version 16
VisualStudioVersion = 16.0.30413.136
MinimumVisualStudioVersion = 10.0.40219.1
Project("{888888A0-9F3D-457C-B088-3A5042F75D52}") = "Path to image", "Path to image.pyproj", "{9500C447-9952-498D-9E76-BF7D7D8DC32B}"
EndProject
Global
	GlobalSection(SolutionConfigurationPlatforms) = preSolution
		Debug|Any CPU = Debug|Any CPU
		Release|Any CPU = Release|Any CPU
	EndGlobalSection
	GlobalSection(ProjectConfigurationPlatforms) = postSolution
		{9500C447-9952-498D-9E76-BF7D7D8DC32B}.Debug|Any CPU.ActiveCfg = Debug|Any CPU
		{9500C447-9952-498D-9E76-BF7D7D8DC32B}.Release|Any CPU.ActiveCfg = Release|Any CPU
	EndGlobalSection
	GlobalSection(SolutionProperties) = preSolution
		HideSolutionNode = FALSE
	EndGlobalSection
	GlobalSection(ExtensibilityGlobals) = postSolution
		SolutionGuid = {15CF911D-EABC-46BE-BAC9-67DB1F60EDC9}
	EndGlobalSection
EndGlobal
